
Microsoft Visual Studio Solution File, Format Version 12.00
# Visual Studio Version 17
VisualStudioVersion = 17.14.36109.1
MinimumVisualStudioVersion = 10.0.40219.1
Project("{FAE04EC0-301F-11D3-BF4B-00C04F79EFBC}") = "ReadXML", "ReadXML\ReadXML.csproj", "{E9C483BD-C695-409E-91F4-1B38F8C3BB7A}"
EndProject
Project("{FAE04EC0-301F-11D3-BF4B-00C04F79EFBC}") = "HelpReadFile", "HelpReadFile\HelpReadFile.csproj", "{456C3615-5C6C-49E4-BAD4-88332774FC5F}"
EndProject
Global
	GlobalSection(SolutionConfigurationPlatforms) = preSolution
		Debug|Any CPU = Debug|Any CPU
		Release|Any CPU = Release|Any CPU
	EndGlobalSection
	GlobalSection(ProjectConfigurationPlatforms) = postSolution
		{E9C483BD-C695-409E-91F4-1B38F8C3BB7A}.Debug|Any CPU.ActiveCfg = Debug|Any CPU
		{E9C483BD-C695-409E-91F4-1B38F8C3BB7A}.Debug|Any CPU.Build.0 = Debug|Any CPU
		{E9C483BD-C695-409E-91F4-1B38F8C3BB7A}.Release|Any CPU.ActiveCfg = Release|Any CPU
		{E9C483BD-C695-409E-91F4-1B38F8C3BB7A}.Release|Any CPU.Build.0 = Release|Any CPU
		{456C3615-5C6C-49E4-BAD4-88332774FC5F}.Debug|Any CPU.ActiveCfg = Debug|Any CPU
		{456C3615-5C6C-49E4-BAD4-88332774FC5F}.Debug|Any CPU.Build.0 = Debug|Any CPU
		{456C3615-5C6C-49E4-BAD4-88332774FC5F}.Release|Any CPU.ActiveCfg = Release|Any CPU
		{456C3615-5C6C-49E4-BAD4-88332774FC5F}.Release|Any CPU.Build.0 = Release|Any CPU
	EndGlobalSection
	GlobalSection(SolutionProperties) = preSolution
		HideSolutionNode = FALSE
	EndGlobalSection
	GlobalSection(ExtensibilityGlobals) = postSolution
		SolutionGuid = {BC0F3498-3351-4A42-BFEC-D558D816F287}
	EndGlobalSection
EndGlobal
